
Microsoft Visual Studio Solution File, Format Version 12.00
# Visual Studio Version 17
VisualStudioVersion = 17.5.33627.172
MinimumVisualStudioVersion = 10.0.40219.1
Project("{9A19103F-16F7-4668-BE54-9A1E7A4F7556}") = "UtilityBills.API", "UtilityBills.API.csproj", "{646124E2-7963-4C4D-92F2-465592EAE40A}"
EndProject
Global
	GlobalSection(SolutionConfigurationPlatforms) = preSolution
		Debug|Any CPU = Debug|Any CPU
		Release|Any CPU = Release|Any CPU
	EndGlobalSection
	GlobalSection(ProjectConfigurationPlatforms) = postSolution
		{646124E2-7963-4C4D-92F2-465592EAE40A}.Debug|Any CPU.ActiveCfg = Debug|Any CPU
		{646124E2-7963-4C4D-92F2-465592EAE40A}.Debug|Any CPU.Build.0 = Debug|Any CPU
		{646124E2-7963-4C4D-92F2-465592EAE40A}.Release|Any CPU.ActiveCfg = Release|Any CPU
		{646124E2-7963-4C4D-92F2-465592EAE40A}.Release|Any CPU.Build.0 = Release|Any CPU
	EndGlobalSection
	GlobalSection(SolutionProperties) = preSolution
		HideSolutionNode = FALSE
	EndGlobalSection
	GlobalSection(ExtensibilityGlobals) = postSolution
		SolutionGuid = {21FE05F2-8C12-455F-B738-09A922DE24B9}
	EndGlobalSection
EndGlobal
