
Microsoft Visual Studio Solution File, Format Version 12.00
# Visual Studio Version 17
VisualStudioVersion = 17.5.33627.172
MinimumVisualStudioVersion = 10.0.40219.1
Project("{9A19103F-16F7-4668-BE54-9A1E7A4F7556}") = "UtilituBillsManagement.Core", "UtilituBillsManagement.Core\UtilituBillsManagement.Core.csproj", "{BB4BE8CF-0EDC-43A3-8FB8-47973EA93BDB}"
EndProject
Project("{9A19103F-16F7-4668-BE54-9A1E7A4F7556}") = "UtilituBillsManagement.DAL", "UtilituBillsManagement.DAL\UtilituBillsManagement.DAL.csproj", "{A2101C5F-4FF9-4104-BF28-B4BC528EF30B}"
EndProject
Project("{9A19103F-16F7-4668-BE54-9A1E7A4F7556}") = "UtilityBillsManagement.API", "UtilityBillsManagement.API\UtilityBillsManagement.API.csproj", "{179587FD-DA15-4B93-AF55-DB4F84B27B23}"
EndProject
Global
	GlobalSection(SolutionConfigurationPlatforms) = preSolution
		Debug|Any CPU = Debug|Any CPU
		Release|Any CPU = Release|Any CPU
	EndGlobalSection
	GlobalSection(ProjectConfigurationPlatforms) = postSolution
		{BB4BE8CF-0EDC-43A3-8FB8-47973EA93BDB}.Debug|Any CPU.ActiveCfg = Debug|Any CPU
		{BB4BE8CF-0EDC-43A3-8FB8-47973EA93BDB}.Debug|Any CPU.Build.0 = Debug|Any CPU
		{BB4BE8CF-0EDC-43A3-8FB8-47973EA93BDB}.Release|Any CPU.ActiveCfg = Release|Any CPU
		{BB4BE8CF-0EDC-43A3-8FB8-47973EA93BDB}.Release|Any CPU.Build.0 = Release|Any CPU
		{A2101C5F-4FF9-4104-BF28-B4BC528EF30B}.Debug|Any CPU.ActiveCfg = Debug|Any CPU
		{A2101C5F-4FF9-4104-BF28-B4BC528EF30B}.Debug|Any CPU.Build.0 = Debug|Any CPU
		{A2101C5F-4FF9-4104-BF28-B4BC528EF30B}.Release|Any CPU.ActiveCfg = Release|Any CPU
		{A2101C5F-4FF9-4104-BF28-B4BC528EF30B}.Release|Any CPU.Build.0 = Release|Any CPU
		{179587FD-DA15-4B93-AF55-DB4F84B27B23}.Debug|Any CPU.ActiveCfg = Debug|Any CPU
		{179587FD-DA15-4B93-AF55-DB4F84B27B23}.Debug|Any CPU.Build.0 = Debug|Any CPU
		{179587FD-DA15-4B93-AF55-DB4F84B27B23}.Release|Any CPU.ActiveCfg = Release|Any CPU
		{179587FD-DA15-4B93-AF55-DB4F84B27B23}.Release|Any CPU.Build.0 = Release|Any CPU
	EndGlobalSection
	GlobalSection(SolutionProperties) = preSolution
		HideSolutionNode = FALSE
	EndGlobalSection
	GlobalSection(ExtensibilityGlobals) = postSolution
		SolutionGuid = {21FE05F2-8C12-455F-B738-09A922DE24B9}
	EndGlobalSection
EndGlobal
